
Microsoft Visual Studio Solution File, Format Version 12.00
# Visual Studio 15
VisualStudioVersion = 15.0.26430.6
MinimumVisualStudioVersion = 10.0.40219.1
Project("{2150E333-8FDC-42A3-9474-1A3956D46DE8}") = "src", "src", "{5C811C47-156F-4083-99BE-45CECD191EDC}"
EndProject
Project("{2150E333-8FDC-42A3-9474-1A3956D46DE8}") = "test", "test", "{1CFF4FAB-EE5B-4732-B059-512623F94C23}"
	ProjectSection(SolutionItems) = preProject
		test\EventConsumer\EventConsumer.csproj = test\EventConsumer\EventConsumer.csproj
		test\EventProducer\EventProducer.csproj = test\EventProducer\EventProducer.csproj
	EndProjectSection
EndProject
Project("{2150E333-8FDC-42A3-9474-1A3956D46DE8}") = "assets", "assets", "{13E6BE02-5F08-452B-B39E-A5A4D5A8B038}"
	ProjectSection(SolutionItems) = preProject
		assets\build.ps1 = assets\build.ps1
		README.md = README.md
	EndProjectSection
EndProject
Project("{9A19103F-16F7-4668-BE54-9A1E7A4F7556}") = "Slalom.Stacks.AzureServiceBus", "src\Slalom.Stacks.AzureServiceBus\Slalom.Stacks.AzureServiceBus.csproj", "{F31A8728-DD05-4DA7-81A4-910F9438A2BB}"
EndProject
Global
	GlobalSection(SolutionConfigurationPlatforms) = preSolution
		Debug|Any CPU = Debug|Any CPU
		Release|Any CPU = Release|Any CPU
	EndGlobalSection
	GlobalSection(ProjectConfigurationPlatforms) = postSolution
		{F31A8728-DD05-4DA7-81A4-910F9438A2BB}.Debug|Any CPU.ActiveCfg = Debug|Any CPU
		{F31A8728-DD05-4DA7-81A4-910F9438A2BB}.Debug|Any CPU.Build.0 = Debug|Any CPU
		{F31A8728-DD05-4DA7-81A4-910F9438A2BB}.Release|Any CPU.ActiveCfg = Release|Any CPU
		{F31A8728-DD05-4DA7-81A4-910F9438A2BB}.Release|Any CPU.Build.0 = Release|Any CPU
	EndGlobalSection
	GlobalSection(SolutionProperties) = preSolution
		HideSolutionNode = FALSE
	EndGlobalSection
	GlobalSection(NestedProjects) = preSolution
		{F31A8728-DD05-4DA7-81A4-910F9438A2BB} = {5C811C47-156F-4083-99BE-45CECD191EDC}
	EndGlobalSection
EndGlobal
